PODS:
  - TensorFlowLiteC (2.17.0):
    - TensorFlowLiteC/Core (= 2.17.0)
  - TensorFlowLiteC/Core (2.17.0)
  - TensorFlowLiteSwift (2.17.0):
    - TensorFlowLiteSwift/Core (= 2.17.0)
  - TensorFlowLiteSwift/Core (2.17.0):
    - TensorFlowLiteC (= 2.17.0)
    - TensorFlowLiteSwift/Privacy (= 2.17.0)
  - TensorFlowLiteSwift/Privacy (2.17.0)

DEPENDENCIES:
  - TensorFlowLiteC (from `podspecs/TensorFlowLiteC.podspec.json`)
  - TensorFlowLiteSwift (from `podspecs/TensorFlowLiteSwift.podspec.json`)

EXTERNAL SOURCES:
  TensorFlowLiteC:
    :podspec: podspecs/TensorFlowLiteC.podspec.json
  TensorFlowLiteSwift:
    :podspec: podspecs/TensorFlowLiteSwift.podspec.json

SPEC CHECKSUMS:
  TensorFlowLiteC: 7d371a2f97670c93a8eb640958ec806556ef0fc6
  TensorFlowLiteSwift: 723fe42222815e72490c79feeff05305530de393

PODFILE CHECKSUM: b913e494cb361d6d8fc0b9796924e03c6604be0d

COCOAPODS: 1.16.2
